
Microsoft Visual Studio Solution File, Format Version 12.00
Project("{2150E333-8FDC-42A3-9474-1A3956D46DE8}") = "src", "src", "{F57BA9B7-F479-4A00-A4FD-2360474AE651}"
EndProject
Project("{2150E333-8FDC-42A3-9474-1A3956D46DE8}") = "tests", "tests", "{C09879D2-7F7F-455C-9D44-552ECBC03C0E}"
EndProject
Project("{FAE04EC0-301F-11D3-BF4B-00C04F79EFBC}") = "OrderApp.Query", "src\OrderApp.Query\OrderApp.Query.csproj", "{B8A64E66-19E5-4CAA-B947-36C95CA54998}"
EndProject
Project("{FAE04EC0-301F-11D3-BF4B-00C04F79EFBC}") = "OrderApp.Api", "src\OrderApp.Api\OrderApp.Api.csproj", "{C8759D5B-0341-48C2-8DDD-F246E52E37ED}"
EndProject
Project("{FAE04EC0-301F-11D3-BF4B-00C04F79EFBC}") = "OrderApp.Data", "src\OrderApp.Data\OrderApp.Data.csproj", "{87DC7220-6DE6-49CB-8308-81F90F4C2C54}"
EndProject
Global
	GlobalSection(SolutionConfigurationPlatforms) = preSolution
		Debug|Any CPU = Debug|Any CPU
		Release|Any CPU = Release|Any CPU
	EndGlobalSection
	GlobalSection(NestedProjects) = preSolution
		{B8A64E66-19E5-4CAA-B947-36C95CA54998} = {F57BA9B7-F479-4A00-A4FD-2360474AE651}
		{C8759D5B-0341-48C2-8DDD-F246E52E37ED} = {F57BA9B7-F479-4A00-A4FD-2360474AE651}
		{87DC7220-6DE6-49CB-8308-81F90F4C2C54} = {F57BA9B7-F479-4A00-A4FD-2360474AE651}
	EndGlobalSection
	GlobalSection(ProjectConfigurationPlatforms) = postSolution
		{B8A64E66-19E5-4CAA-B947-36C95CA54998}.Debug|Any CPU.ActiveCfg = Debug|Any CPU
		{B8A64E66-19E5-4CAA-B947-36C95CA54998}.Debug|Any CPU.Build.0 = Debug|Any CPU
		{B8A64E66-19E5-4CAA-B947-36C95CA54998}.Release|Any CPU.ActiveCfg = Release|Any CPU
		{B8A64E66-19E5-4CAA-B947-36C95CA54998}.Release|Any CPU.Build.0 = Release|Any CPU
		{C8759D5B-0341-48C2-8DDD-F246E52E37ED}.Debug|Any CPU.ActiveCfg = Debug|Any CPU
		{C8759D5B-0341-48C2-8DDD-F246E52E37ED}.Debug|Any CPU.Build.0 = Debug|Any CPU
		{C8759D5B-0341-48C2-8DDD-F246E52E37ED}.Release|Any CPU.ActiveCfg = Release|Any CPU
		{C8759D5B-0341-48C2-8DDD-F246E52E37ED}.Release|Any CPU.Build.0 = Release|Any CPU
		{87DC7220-6DE6-49CB-8308-81F90F4C2C54}.Debug|Any CPU.ActiveCfg = Debug|Any CPU
		{87DC7220-6DE6-49CB-8308-81F90F4C2C54}.Debug|Any CPU.Build.0 = Debug|Any CPU
		{87DC7220-6DE6-49CB-8308-81F90F4C2C54}.Release|Any CPU.ActiveCfg = Release|Any CPU
		{87DC7220-6DE6-49CB-8308-81F90F4C2C54}.Release|Any CPU.Build.0 = Release|Any CPU
	EndGlobalSection
EndGlobal
